<<<<<<< HEAD
Last acquired by C:\src\flutter\bin\cache\dart-sdk\bin\dart.exe (pid 5692) running file:///C:/src/flutter/bin/cache/flutter_tools.snapshot on 2026-06-07 22:22:43.839460.
=======
Last acquired by C:\src\flutter\bin\cache\dart-sdk\bin\dart.exe (pid 31652) running file:///C:/src/flutter/bin/cache/flutter_tools.snapshot on 2026-06-07 12:47:19.826565.
>>>>>>> d1468b1b059cdd0d6313020805e3f0e7c213b2bd
